
Microsoft Visual Studio Solution File, Format Version 12.00
# Visual Studio 2012
Project("{A0786B88-2ADB-4C21-ABE8-AA2D79766269}") = "Chat Ninja D1.1", "Chat Ninja D1.1.phpproj", "{F92F597E-CC79-42CA-86B5-28F1833626E1}"
EndProject
Global
	GlobalSection(SolutionConfigurationPlatforms) = preSolution
		Debug|Any CPU = Debug|Any CPU
		Release|Any CPU = Release|Any CPU
	EndGlobalSection
	GlobalSection(ProjectConfigurationPlatforms) = postSolution
		{F92F597E-CC79-42CA-86B5-28F1833626E1}.Debug|Any CPU.ActiveCfg = Debug|Any CPU
		{F92F597E-CC79-42CA-86B5-28F1833626E1}.Debug|Any CPU.Build.0 = Debug|Any CPU
		{F92F597E-CC79-42CA-86B5-28F1833626E1}.Release|Any CPU.ActiveCfg = Release|Any CPU
		{F92F597E-CC79-42CA-86B5-28F1833626E1}.Release|Any CPU.Build.0 = Release|Any CPU
	EndGlobalSection
	GlobalSection(SolutionProperties) = preSolution
		HideSolutionNode = FALSE
	EndGlobalSection
EndGlobal
